
Microsoft Visual Studio Solution File, Format Version 12.00
# Visual Studio Version 17
VisualStudioVersion = 17.11.35219.272
MinimumVisualStudioVersion = 10.0.40219.1
Project("{9A19103F-16F7-4668-BE54-9A1E7A4F7556}") = "WebApp.Api", "WebApp.Api\WebApp.Api.csproj", "{D5B13072-EDCE-4B1A-BBCA-183FB4429D70}"
EndProject
Project("{9A19103F-16F7-4668-BE54-9A1E7A4F7556}") = "WebApp.Infrastructure", "WebApp.Infrastructure\WebApp.Infrastructure.csproj", "{5F26CE06-6D19-46DE-8F52-228EF9C1A625}"
EndProject
Project("{9A19103F-16F7-4668-BE54-9A1E7A4F7556}") = "WebApp.Application", "WebApp.Application\WebApp.Application.csproj", "{CD3FAF0B-6C19-4298-8F76-237D165C100E}"
EndProject
Project("{9A19103F-16F7-4668-BE54-9A1E7A4F7556}") = "WebApp.Core", "WebApp.Core\WebApp.Core.csproj", "{7039FC6E-B6CD-4B15-8FAB-A340B5895EDB}"
EndProject
Global
	GlobalSection(SolutionConfigurationPlatforms) = preSolution
		Debug|Any CPU = Debug|Any CPU
		Release|Any CPU = Release|Any CPU
	EndGlobalSection
	GlobalSection(ProjectConfigurationPlatforms) = postSolution
		{D5B13072-EDCE-4B1A-BBCA-183FB4429D70}.Debug|Any CPU.ActiveCfg = Debug|Any CPU
		{D5B13072-EDCE-4B1A-BBCA-183FB4429D70}.Debug|Any CPU.Build.0 = Debug|Any CPU
		{D5B13072-EDCE-4B1A-BBCA-183FB4429D70}.Release|Any CPU.ActiveCfg = Release|Any CPU
		{D5B13072-EDCE-4B1A-BBCA-183FB4429D70}.Release|Any CPU.Build.0 = Release|Any CPU
		{5F26CE06-6D19-46DE-8F52-228EF9C1A625}.Debug|Any CPU.ActiveCfg = Debug|Any CPU
		{5F26CE06-6D19-46DE-8F52-228EF9C1A625}.Debug|Any CPU.Build.0 = Debug|Any CPU
		{5F26CE06-6D19-46DE-8F52-228EF9C1A625}.Release|Any CPU.ActiveCfg = Release|Any CPU
		{5F26CE06-6D19-46DE-8F52-228EF9C1A625}.Release|Any CPU.Build.0 = Release|Any CPU
		{CD3FAF0B-6C19-4298-8F76-237D165C100E}.Debug|Any CPU.ActiveCfg = Debug|Any CPU
		{CD3FAF0B-6C19-4298-8F76-237D165C100E}.Debug|Any CPU.Build.0 = Debug|Any CPU
		{CD3FAF0B-6C19-4298-8F76-237D165C100E}.Release|Any CPU.ActiveCfg = Release|Any CPU
		{CD3FAF0B-6C19-4298-8F76-237D165C100E}.Release|Any CPU.Build.0 = Release|Any CPU
		{7039FC6E-B6CD-4B15-8FAB-A340B5895EDB}.Debug|Any CPU.ActiveCfg = Debug|Any CPU
		{7039FC6E-B6CD-4B15-8FAB-A340B5895EDB}.Debug|Any CPU.Build.0 = Debug|Any CPU
		{7039FC6E-B6CD-4B15-8FAB-A340B5895EDB}.Release|Any CPU.ActiveCfg = Release|Any CPU
		{7039FC6E-B6CD-4B15-8FAB-A340B5895EDB}.Release|Any CPU.Build.0 = Release|Any CPU
	EndGlobalSection
	GlobalSection(SolutionProperties) = preSolution
		HideSolutionNode = FALSE
	EndGlobalSection
	GlobalSection(ExtensibilityGlobals) = postSolution
		SolutionGuid = {C234790A-62A9-41EE-ACC4-C2D4D05D295E}
	EndGlobalSection
EndGlobal
